
Microsoft Visual Studio Solution File, Format Version 12.00
# Visual Studio 15
VisualStudioVersion = 15.0.26124.0
MinimumVisualStudioVersion = 15.0.26124.0
Project("{FAE04EC0-301F-11D3-BF4B-00C04F79EFBC}") = "TestMod", "TestMod\TestMod.csproj", "{27795984-16C9-43BC-80D6-77FC10BCCB11}"
EndProject
Project("{FAE04EC0-301F-11D3-BF4B-00C04F79EFBC}") = "FillTheGaps", "FillTheGaps\FillTheGaps.csproj", "{70988862-E8EF-43C7-BFFE-901A12FDDBF0}"
EndProject
Project("{FAE04EC0-301F-11D3-BF4B-00C04F79EFBC}") = "PrimitiveConstruction", "PrimitiveConstruction\PrimitiveConstruction.csproj", "{2DAFF6F5-A4C3-4F71-A2B4-061AA00032F1}"
EndProject
Project("{FAE04EC0-301F-11D3-BF4B-00C04F79EFBC}") = "CivicConstruction", "CivicConstruction\CivicConstruction.csproj", "{A7AC5807-A869-4E04-88A0-081B5968E0F6}"
EndProject
Project("{FAE04EC0-301F-11D3-BF4B-00C04F79EFBC}") = "StressfulLife", "StressfulLife\StressfulLife.csproj", "{5FDB39E1-6E32-4E0B-A18C-DBDD4E394A57}"
EndProject
Global
	GlobalSection(SolutionConfigurationPlatforms) = preSolution
		Debug|Any CPU = Debug|Any CPU
		Debug|x64 = Debug|x64
		Debug|x86 = Debug|x86
		Release|Any CPU = Release|Any CPU
		Release|x64 = Release|x64
		Release|x86 = Release|x86
	EndGlobalSection
	GlobalSection(SolutionProperties) = preSolution
		HideSolutionNode = FALSE
	EndGlobalSection
	GlobalSection(ProjectConfigurationPlatforms) = postSolution
		{27795984-16C9-43BC-80D6-77FC10BCCB11}.Debug|Any CPU.ActiveCfg = Debug|Any CPU
		{27795984-16C9-43BC-80D6-77FC10BCCB11}.Debug|Any CPU.Build.0 = Debug|Any CPU
		{27795984-16C9-43BC-80D6-77FC10BCCB11}.Debug|x64.ActiveCfg = Debug|x64
		{27795984-16C9-43BC-80D6-77FC10BCCB11}.Debug|x64.Build.0 = Debug|x64
		{27795984-16C9-43BC-80D6-77FC10BCCB11}.Debug|x86.ActiveCfg = Debug|x86
		{27795984-16C9-43BC-80D6-77FC10BCCB11}.Debug|x86.Build.0 = Debug|x86
		{27795984-16C9-43BC-80D6-77FC10BCCB11}.Release|Any CPU.ActiveCfg = Release|Any CPU
		{27795984-16C9-43BC-80D6-77FC10BCCB11}.Release|Any CPU.Build.0 = Release|Any CPU
		{27795984-16C9-43BC-80D6-77FC10BCCB11}.Release|x64.ActiveCfg = Release|x64
		{27795984-16C9-43BC-80D6-77FC10BCCB11}.Release|x64.Build.0 = Release|x64
		{27795984-16C9-43BC-80D6-77FC10BCCB11}.Release|x86.ActiveCfg = Release|x86
		{27795984-16C9-43BC-80D6-77FC10BCCB11}.Release|x86.Build.0 = Release|x86
		{70988862-E8EF-43C7-BFFE-901A12FDDBF0}.Debug|Any CPU.ActiveCfg = Debug|Any CPU
		{70988862-E8EF-43C7-BFFE-901A12FDDBF0}.Debug|Any CPU.Build.0 = Debug|Any CPU
		{70988862-E8EF-43C7-BFFE-901A12FDDBF0}.Debug|x64.ActiveCfg = Debug|x64
		{70988862-E8EF-43C7-BFFE-901A12FDDBF0}.Debug|x64.Build.0 = Debug|x64
		{70988862-E8EF-43C7-BFFE-901A12FDDBF0}.Debug|x86.ActiveCfg = Debug|x86
		{70988862-E8EF-43C7-BFFE-901A12FDDBF0}.Debug|x86.Build.0 = Debug|x86
		{70988862-E8EF-43C7-BFFE-901A12FDDBF0}.Release|Any CPU.ActiveCfg = Release|Any CPU
		{70988862-E8EF-43C7-BFFE-901A12FDDBF0}.Release|Any CPU.Build.0 = Release|Any CPU
		{70988862-E8EF-43C7-BFFE-901A12FDDBF0}.Release|x64.ActiveCfg = Release|x64
		{70988862-E8EF-43C7-BFFE-901A12FDDBF0}.Release|x64.Build.0 = Release|x64
		{70988862-E8EF-43C7-BFFE-901A12FDDBF0}.Release|x86.ActiveCfg = Release|x86
		{70988862-E8EF-43C7-BFFE-901A12FDDBF0}.Release|x86.Build.0 = Release|x86
		{0EC88E1C-D201-46F9-AD6D-BEC001BE210F}.Debug|Any CPU.ActiveCfg = Debug|Any CPU
		{0EC88E1C-D201-46F9-AD6D-BEC001BE210F}.Debug|Any CPU.Build.0 = Debug|Any CPU
		{0EC88E1C-D201-46F9-AD6D-BEC001BE210F}.Debug|x64.ActiveCfg = Debug|x64
		{0EC88E1C-D201-46F9-AD6D-BEC001BE210F}.Debug|x64.Build.0 = Debug|x64
		{0EC88E1C-D201-46F9-AD6D-BEC001BE210F}.Debug|x86.ActiveCfg = Debug|x86
		{0EC88E1C-D201-46F9-AD6D-BEC001BE210F}.Debug|x86.Build.0 = Debug|x86
		{0EC88E1C-D201-46F9-AD6D-BEC001BE210F}.Release|Any CPU.ActiveCfg = Release|Any CPU
		{0EC88E1C-D201-46F9-AD6D-BEC001BE210F}.Release|Any CPU.Build.0 = Release|Any CPU
		{0EC88E1C-D201-46F9-AD6D-BEC001BE210F}.Release|x64.ActiveCfg = Release|x64
		{0EC88E1C-D201-46F9-AD6D-BEC001BE210F}.Release|x64.Build.0 = Release|x64
		{0EC88E1C-D201-46F9-AD6D-BEC001BE210F}.Release|x86.ActiveCfg = Release|x86
		{0EC88E1C-D201-46F9-AD6D-BEC001BE210F}.Release|x86.Build.0 = Release|x86
		{2DAFF6F5-A4C3-4F71-A2B4-061AA00032F1}.Debug|Any CPU.ActiveCfg = Debug|Any CPU
		{2DAFF6F5-A4C3-4F71-A2B4-061AA00032F1}.Debug|Any CPU.Build.0 = Debug|Any CPU
		{2DAFF6F5-A4C3-4F71-A2B4-061AA00032F1}.Debug|x64.ActiveCfg = Debug|x64
		{2DAFF6F5-A4C3-4F71-A2B4-061AA00032F1}.Debug|x64.Build.0 = Debug|x64
		{2DAFF6F5-A4C3-4F71-A2B4-061AA00032F1}.Debug|x86.ActiveCfg = Debug|x86
		{2DAFF6F5-A4C3-4F71-A2B4-061AA00032F1}.Debug|x86.Build.0 = Debug|x86
		{2DAFF6F5-A4C3-4F71-A2B4-061AA00032F1}.Release|Any CPU.ActiveCfg = Release|Any CPU
		{2DAFF6F5-A4C3-4F71-A2B4-061AA00032F1}.Release|Any CPU.Build.0 = Release|Any CPU
		{2DAFF6F5-A4C3-4F71-A2B4-061AA00032F1}.Release|x64.ActiveCfg = Release|x64
		{2DAFF6F5-A4C3-4F71-A2B4-061AA00032F1}.Release|x64.Build.0 = Release|x64
		{2DAFF6F5-A4C3-4F71-A2B4-061AA00032F1}.Release|x86.ActiveCfg = Release|x86
		{2DAFF6F5-A4C3-4F71-A2B4-061AA00032F1}.Release|x86.Build.0 = Release|x86
		{A7AC5807-A869-4E04-88A0-081B5968E0F6}.Debug|Any CPU.ActiveCfg = Debug|Any CPU
		{A7AC5807-A869-4E04-88A0-081B5968E0F6}.Debug|Any CPU.Build.0 = Debug|Any CPU
		{A7AC5807-A869-4E04-88A0-081B5968E0F6}.Debug|x64.ActiveCfg = Debug|x64
		{A7AC5807-A869-4E04-88A0-081B5968E0F6}.Debug|x64.Build.0 = Debug|x64
		{A7AC5807-A869-4E04-88A0-081B5968E0F6}.Debug|x86.ActiveCfg = Debug|x86
		{A7AC5807-A869-4E04-88A0-081B5968E0F6}.Debug|x86.Build.0 = Debug|x86
		{A7AC5807-A869-4E04-88A0-081B5968E0F6}.Release|Any CPU.ActiveCfg = Release|Any CPU
		{A7AC5807-A869-4E04-88A0-081B5968E0F6}.Release|Any CPU.Build.0 = Release|Any CPU
		{A7AC5807-A869-4E04-88A0-081B5968E0F6}.Release|x64.ActiveCfg = Release|x64
		{A7AC5807-A869-4E04-88A0-081B5968E0F6}.Release|x64.Build.0 = Release|x64
		{A7AC5807-A869-4E04-88A0-081B5968E0F6}.Release|x86.ActiveCfg = Release|x86
		{A7AC5807-A869-4E04-88A0-081B5968E0F6}.Release|x86.Build.0 = Release|x86
		{9C8C7E06-E875-427E-A988-84CB985E2AAC}.Debug|Any CPU.ActiveCfg = Debug|Any CPU
		{9C8C7E06-E875-427E-A988-84CB985E2AAC}.Debug|Any CPU.Build.0 = Debug|Any CPU
		{9C8C7E06-E875-427E-A988-84CB985E2AAC}.Debug|x64.ActiveCfg = Debug|x64
		{9C8C7E06-E875-427E-A988-84CB985E2AAC}.Debug|x64.Build.0 = Debug|x64
		{9C8C7E06-E875-427E-A988-84CB985E2AAC}.Debug|x86.ActiveCfg = Debug|x86
		{9C8C7E06-E875-427E-A988-84CB985E2AAC}.Debug|x86.Build.0 = Debug|x86
		{9C8C7E06-E875-427E-A988-84CB985E2AAC}.Release|Any CPU.ActiveCfg = Release|Any CPU
		{9C8C7E06-E875-427E-A988-84CB985E2AAC}.Release|Any CPU.Build.0 = Release|Any CPU
		{9C8C7E06-E875-427E-A988-84CB985E2AAC}.Release|x64.ActiveCfg = Release|x64
		{9C8C7E06-E875-427E-A988-84CB985E2AAC}.Release|x64.Build.0 = Release|x64
		{9C8C7E06-E875-427E-A988-84CB985E2AAC}.Release|x86.ActiveCfg = Release|x86
		{9C8C7E06-E875-427E-A988-84CB985E2AAC}.Release|x86.Build.0 = Release|x86
		{1295D695-498F-4125-B682-126E409845E3}.Debug|Any CPU.ActiveCfg = Debug|Any CPU
		{1295D695-498F-4125-B682-126E409845E3}.Debug|Any CPU.Build.0 = Debug|Any CPU
		{1295D695-498F-4125-B682-126E409845E3}.Debug|x64.ActiveCfg = Debug|x64
		{1295D695-498F-4125-B682-126E409845E3}.Debug|x64.Build.0 = Debug|x64
		{1295D695-498F-4125-B682-126E409845E3}.Debug|x86.ActiveCfg = Debug|x86
		{1295D695-498F-4125-B682-126E409845E3}.Debug|x86.Build.0 = Debug|x86
		{1295D695-498F-4125-B682-126E409845E3}.Release|Any CPU.ActiveCfg = Release|Any CPU
		{1295D695-498F-4125-B682-126E409845E3}.Release|Any CPU.Build.0 = Release|Any CPU
		{1295D695-498F-4125-B682-126E409845E3}.Release|x64.ActiveCfg = Release|x64
		{1295D695-498F-4125-B682-126E409845E3}.Release|x64.Build.0 = Release|x64
		{1295D695-498F-4125-B682-126E409845E3}.Release|x86.ActiveCfg = Release|x86
		{1295D695-498F-4125-B682-126E409845E3}.Release|x86.Build.0 = Release|x86
		{5FDB39E1-6E32-4E0B-A18C-DBDD4E394A57}.Debug|Any CPU.ActiveCfg = Debug|Any CPU
		{5FDB39E1-6E32-4E0B-A18C-DBDD4E394A57}.Debug|Any CPU.Build.0 = Debug|Any CPU
		{5FDB39E1-6E32-4E0B-A18C-DBDD4E394A57}.Debug|x64.ActiveCfg = Debug|x64
		{5FDB39E1-6E32-4E0B-A18C-DBDD4E394A57}.Debug|x64.Build.0 = Debug|x64
		{5FDB39E1-6E32-4E0B-A18C-DBDD4E394A57}.Debug|x86.ActiveCfg = Debug|x86
		{5FDB39E1-6E32-4E0B-A18C-DBDD4E394A57}.Debug|x86.Build.0 = Debug|x86
		{5FDB39E1-6E32-4E0B-A18C-DBDD4E394A57}.Release|Any CPU.ActiveCfg = Release|Any CPU
		{5FDB39E1-6E32-4E0B-A18C-DBDD4E394A57}.Release|Any CPU.Build.0 = Release|Any CPU
		{5FDB39E1-6E32-4E0B-A18C-DBDD4E394A57}.Release|x64.ActiveCfg = Release|x64
		{5FDB39E1-6E32-4E0B-A18C-DBDD4E394A57}.Release|x64.Build.0 = Release|x64
		{5FDB39E1-6E32-4E0B-A18C-DBDD4E394A57}.Release|x86.ActiveCfg = Release|x86
		{5FDB39E1-6E32-4E0B-A18C-DBDD4E394A57}.Release|x86.Build.0 = Release|x86
	EndGlobalSection
EndGlobal
